
Microsoft Visual Studio Solution File, Format Version 12.00
# Visual Studio Version 17
VisualStudioVersion = 17.5.33516.290
MinimumVisualStudioVersion = 10.0.40219.1
Project("{FAE04EC0-301F-11D3-BF4B-00C04F79EFBC}") = "MinimalApi", "MinimalApi\MinimalApi.csproj", "{1F10BB43-40B2-4ECF-843B-0DCC1F972DDA}"
EndProject
Global
	GlobalSection(SolutionConfigurationPlatforms) = preSolution
		Debug|Any CPU = Debug|Any CPU
		Release|Any CPU = Release|Any CPU
	EndGlobalSection
	GlobalSection(ProjectConfigurationPlatforms) = postSolution
		{1F10BB43-40B2-4ECF-843B-0DCC1F972DDA}.Debug|Any CPU.ActiveCfg = Debug|Any CPU
		{1F10BB43-40B2-4ECF-843B-0DCC1F972DDA}.Debug|Any CPU.Build.0 = Debug|Any CPU
		{1F10BB43-40B2-4ECF-843B-0DCC1F972DDA}.Release|Any CPU.ActiveCfg = Release|Any CPU
		{1F10BB43-40B2-4ECF-843B-0DCC1F972DDA}.Release|Any CPU.Build.0 = Release|Any CPU
	EndGlobalSection
	GlobalSection(SolutionProperties) = preSolution
		HideSolutionNode = FALSE
	EndGlobalSection
	GlobalSection(ExtensibilityGlobals) = postSolution
		SolutionGuid = {70ADF000-B164-4011-BD91-A7E98032C3E2}
	EndGlobalSection
EndGlobal
